// !$*UTF8*$!
{
	archiveVersion = 1;
	classes = {
	};
	objectVersion = 46;
	objects = {

/* Begin PBXBuildFile section */
		5815D1EC188D699500ED865B /* Array.cpp in Sources */ = {isa = PBXBuildFile; fileRef = 5815D1E4188D699500ED865B /* Array.cpp */; };
		5815D1ED188D699500ED865B /* Convert.cpp in Sources */ = {isa = PBXBuildFile; fileRef = 5815D1E5188D699500ED865B /* Convert.cpp */; };
		5815D1EE188D699500ED865B /* Escaper.cpp in Sources */ = {isa = PBXBuildFile; fileRef = 5815D1E6188D699500ED865B /* Escaper.cpp */; };
		5815D1EF188D699500ED865B /* IndentCanceller.cpp in Sources */ = {isa = PBXBuildFile; fileRef = 5815D1E7188D699500ED865B /* IndentCanceller.cpp */; };
		5815D1F0188D699500ED865B /* Indenter.cpp in Sources */ = {isa = PBXBuildFile; fileRef = 5815D1E8188D699500ED865B /* Indenter.cpp */; };
		5815D1F1188D699500ED865B /* Object.cpp in Sources */ = {isa = PBXBuildFile; fileRef = 5815D1E9188D699500ED865B /* Object.cpp */; };
		5815D1F2188D699500ED865B /* SolidusEscaper.cpp in Sources */ = {isa = PBXBuildFile; fileRef = 5815D1EA188D699500ED865B /* SolidusEscaper.cpp */; };
		5815D1F3188D699500ED865B /* Value.cpp in Sources */ = {isa = PBXBuildFile; fileRef = 5815D1EB188D699500ED865B /* Value.cpp */; };
		58E1F347169E19DD00F231DB /* test.cpp in Sources */ = {isa = PBXBuildFile; fileRef = 58E1F345169E19DD00F231DB /* test.cpp */; };
/* End PBXBuildFile section */

/* Begin PBXCopyFilesBuildPhase section */
		58E1F331169E198500F231DB /* CopyFiles */ = {
			isa = PBXCopyFilesBuildPhase;
			buildActionMask = 2147483647;
			dstPath = /usr/share/man/man1/;
			dstSubfolderSpec = 0;
			files = (
			);
			runOnlyForDeploymentPostprocessing = 1;
		};
/* End PBXCopyFilesBuildPhase section */

/* Begin PBXFileReference section */
		580B89F81700B89F00DC27D6 /* common.h */ = {isa = PBXFileReference; fileEncoding = 4; lastKnownFileType = sourcecode.c.h; path = common.h; sourceTree = "<group>"; };
		5815D1CA188D696600ED865B /* Array.h */ = {isa = PBXFileReference; fileEncoding = 4; lastKnownFileType = sourcecode.c.h; path = Array.h; sourceTree = "<group>"; };
		5815D1CB188D696600ED865B /* Convert.h */ = {isa = PBXFileReference; fileEncoding = 4; lastKnownFileType = sourcecode.c.h; path = Convert.h; sourceTree = "<group>"; };
		5815D1CC188D696600ED865B /* Escaper.h */ = {isa = PBXFileReference; fileEncoding = 4; lastKnownFileType = sourcecode.c.h; path = Escaper.h; sourceTree = "<group>"; };
		5815D1CD188D696600ED865B /* Grammar.h */ = {isa = PBXFileReference; fileEncoding = 4; lastKnownFileType = sourcecode.c.h; path = Grammar.h; sourceTree = "<group>"; };
		5815D1CE188D696600ED865B /* IndentCanceller.h */ = {isa = PBXFileReference; fileEncoding = 4; lastKnownFileType = sourcecode.c.h; path = IndentCanceller.h; sourceTree = "<group>"; };
		5815D1CF188D696600ED865B /* Indenter.h */ = {isa = PBXFileReference; fileEncoding = 4; lastKnownFileType = sourcecode.c.h; path = Indenter.h; sourceTree = "<group>"; };
		5815D1D0188D696600ED865B /* Object.h */ = {isa = PBXFileReference; fileEncoding = 4; lastKnownFileType = sourcecode.c.h; path = Object.h; sourceTree = "<group>"; };
		5815D1D1188D696600ED865B /* OutputFilter.h */ = {isa = PBXFileReference; fileEncoding = 4; lastKnownFileType = sourcecode.c.h; path = OutputFilter.h; sourceTree = "<group>"; };
		5815D1D2188D696600ED865B /* SolidusEscaper.h */ = {isa = PBXFileReference; fileEncoding = 4; lastKnownFileType = sourcecode.c.h; path = SolidusEscaper.h; sourceTree = "<group>"; };
		5815D1D3188D696600ED865B /* Value.h */ = {isa = PBXFileReference; fileEncoding = 4; lastKnownFileType = sourcecode.c.h; path = Value.h; sourceTree = "<group>"; };
		5815D1E4188D699500ED865B /* Array.cpp */ = {isa = PBXFileReference; fileEncoding = 4; lastKnownFileType = sourcecode.cpp.cpp; path = Array.cpp; sourceTree = "<group>"; };
		5815D1E5188D699500ED865B /* Convert.cpp */ = {isa = PBXFileReference; fileEncoding = 4; lastKnownFileType = sourcecode.cpp.cpp; path = Convert.cpp; sourceTree = "<group>"; };
		5815D1E6188D699500ED865B /* Escaper.cpp */ = {isa = PBXFileReference; fileEncoding = 4; lastKnownFileType = sourcecode.cpp.cpp; path = Escaper.cpp; sourceTree = "<group>"; };
		5815D1E7188D699500ED865B /* IndentCanceller.cpp */ = {isa = PBXFileReference; fileEncoding = 4; lastKnownFileType = sourcecode.cpp.cpp; path = IndentCanceller.cpp; sourceTree = "<group>"; };
		5815D1E8188D699500ED865B /* Indenter.cpp */ = {isa = PBXFileReference; fileEncoding = 4; lastKnownFileType = sourcecode.cpp.cpp; path = Indenter.cpp; sourceTree = "<group>"; };
		5815D1E9188D699500ED865B /* Object.cpp */ = {isa = PBXFileReference; fileEncoding = 4; lastKnownFileType = sourcecode.cpp.cpp; path = Object.cpp; sourceTree = "<group>"; };
		5815D1EA188D699500ED865B /* SolidusEscaper.cpp */ = {isa = PBXFileReference; fileEncoding = 4; lastKnownFileType = sourcecode.cpp.cpp; path = SolidusEscaper.cpp; sourceTree = "<group>"; };
		5815D1EB188D699500ED865B /* Value.cpp */ = {isa = PBXFileReference; fileEncoding = 4; lastKnownFileType = sourcecode.cpp.cpp; path = Value.cpp; sourceTree = "<group>"; };
		5815D1F5188D7D2800ED865B /* ios.h */ = {isa = PBXFileReference; lastKnownFileType = sourcecode.c.h; path = ios.h; sourceTree = "<group>"; };
		5815D1F6188D878200ED865B /* istream.h */ = {isa = PBXFileReference; lastKnownFileType = sourcecode.c.h; path = istream.h; sourceTree = "<group>"; };
		5815D1F7188D8ACA00ED865B /* streambuf.h */ = {isa = PBXFileReference; lastKnownFileType = sourcecode.c.h; path = streambuf.h; sourceTree = "<group>"; };
		5815D1F8188DB2E000ED865B /* stringbuf.h */ = {isa = PBXFileReference; lastKnownFileType = sourcecode.c.h; path = stringbuf.h; sourceTree = "<group>"; };
		5815D1F9188DCF3400ED865B /* ostream.h */ = {isa = PBXFileReference; lastKnownFileType = sourcecode.c.h; path = ostream.h; sourceTree = "<group>"; };
		584CE84816B627BB00BE4FD9 /* iterator.h */ = {isa = PBXFileReference; lastKnownFileType = sourcecode.c.h; path = iterator.h; sourceTree = "<group>"; };
		584CE84A16B71D7000BE4FD9 /* link.h */ = {isa = PBXFileReference; lastKnownFileType = sourcecode.c.h; path = link.h; sourceTree = "<group>"; };
		584CE84B16B71ECB00BE4FD9 /* pair.h */ = {isa = PBXFileReference; lastKnownFileType = sourcecode.c.h; path = pair.h; sourceTree = "<group>"; };
		58539E1018217669007B6245 /* install.sh */ = {isa = PBXFileReference; lastKnownFileType = text.script.sh; path = install.sh; sourceTree = "<group>"; };
		589DBB8C1823D88300300AD8 /* version.h */ = {isa = PBXFileReference; lastKnownFileType = sourcecode.c.h; path = version.h; sourceTree = "<group>"; };
		58A523DB172FF16C0028E581 /* smart_ptr.h */ = {isa = PBXFileReference; lastKnownFileType = sourcecode.c.h; path = smart_ptr.h; sourceTree = "<group>"; };
		58A523E017305F410028E581 /* sort.h */ = {isa = PBXFileReference; fileEncoding = 4; lastKnownFileType = sourcecode.c.h; path = sort.h; sourceTree = "<group>"; };
		58A523E71730874E0028E581 /* shared_ptr.h */ = {isa = PBXFileReference; fileEncoding = 4; lastKnownFileType = sourcecode.c.h; path = shared_ptr.h; sourceTree = "<group>"; };
		58A523E81730874E0028E581 /* weak_ptr.h */ = {isa = PBXFileReference; fileEncoding = 4; lastKnownFileType = sourcecode.c.h; path = weak_ptr.h; sourceTree = "<group>"; };
		58A523E9173087620028E581 /* scoped_ptr.h */ = {isa = PBXFileReference; lastKnownFileType = sourcecode.c.h; path = scoped_ptr.h; sourceTree = "<group>"; };
		58BC449E1731AB4A00535B63 /* exception.h */ = {isa = PBXFileReference; lastKnownFileType = sourcecode.c.h; path = exception.h; sourceTree = "<group>"; };
		58E1F345169E19DD00F231DB /* test.cpp */ = {isa = PBXFileReference; fileEncoding = 4; lastKnownFileType = sourcecode.cpp.cpp; path = test.cpp; sourceTree = "<group>"; };
		58E1F34816A1E89A00F231DB /* allocator.h */ = {isa = PBXFileReference; lastKnownFileType = sourcecode.c.h; path = allocator.h; sourceTree = "<group>"; };
		58E1F34916A1E94400F231DB /* kick */ = {isa = PBXFileReference; explicitFileType = "compiled.mach-o.executable"; includeInIndex = 0; path = kick; sourceTree = BUILT_PRODUCTS_DIR; };
		58E1F34B16A1EA1E00F231DB /* deque.h */ = {isa = PBXFileReference; lastKnownFileType = sourcecode.c.h; path = deque.h; sourceTree = "<group>"; };
		58E1F34C16A1EADD00F231DB /* vector.h */ = {isa = PBXFileReference; lastKnownFileType = sourcecode.c.h; path = vector.h; sourceTree = "<group>"; };
		58E1F34D16A1EB5900F231DB /* map.h */ = {isa = PBXFileReference; lastKnownFileType = sourcecode.c.h; path = map.h; sourceTree = "<group>"; };
		58E1F34E16A1EB9200F231DB /* string.h */ = {isa = PBXFileReference; lastKnownFileType = sourcecode.c.h; path = string.h; sourceTree = "<group>"; };
/* End PBXFileReference section */

/* Begin PBXFrameworksBuildPhase section */
		58E1F330169E198500F231DB /* Frameworks */ = {
			isa = PBXFrameworksBuildPhase;
			buildActionMask = 2147483647;
			files = (
			);
			runOnlyForDeploymentPostprocessing = 0;
		};
/* End PBXFrameworksBuildPhase section */

/* Begin PBXGroup section */
		5815D1BE188D68B200ED865B /* json */ = {
			isa = PBXGroup;
			children = (
				5815D1E4188D699500ED865B /* Array.cpp */,
				5815D1E5188D699500ED865B /* Convert.cpp */,
				5815D1E6188D699500ED865B /* Escaper.cpp */,
				5815D1E7188D699500ED865B /* IndentCanceller.cpp */,
				5815D1E8188D699500ED865B /* Indenter.cpp */,
				5815D1E9188D699500ED865B /* Object.cpp */,
				5815D1EA188D699500ED865B /* SolidusEscaper.cpp */,
				5815D1EB188D699500ED865B /* Value.cpp */,
				5815D1CA188D696600ED865B /* Array.h */,
				5815D1CB188D696600ED865B /* Convert.h */,
				5815D1CC188D696600ED865B /* Escaper.h */,
				5815D1CD188D696600ED865B /* Grammar.h */,
				5815D1CE188D696600ED865B /* IndentCanceller.h */,
				5815D1CF188D696600ED865B /* Indenter.h */,
				5815D1D0188D696600ED865B /* Object.h */,
				5815D1D1188D696600ED865B /* OutputFilter.h */,
				5815D1D2188D696600ED865B /* SolidusEscaper.h */,
				5815D1D3188D696600ED865B /* Value.h */,
			);
			path = json;
			sourceTree = "<group>";
		};
		5815D1F4188D7B4700ED865B /* iostream */ = {
			isa = PBXGroup;
			children = (
				5815D1F5188D7D2800ED865B /* ios.h */,
				5815D1F6188D878200ED865B /* istream.h */,
				5815D1F9188DCF3400ED865B /* ostream.h */,
				5815D1F7188D8ACA00ED865B /* streambuf.h */,
				5815D1F8188DB2E000ED865B /* stringbuf.h */,
			);
			path = iostream;
			sourceTree = "<group>";
		};
		58A523DF17305F410028E581 /* algorithm */ = {
			isa = PBXGroup;
			children = (
				58A523E017305F410028E581 /* sort.h */,
			);
			path = algorithm;
			sourceTree = "<group>";
		};
		58A523E61730874E0028E581 /* smart_ptr */ = {
			isa = PBXGroup;
			children = (
				58A523E71730874E0028E581 /* shared_ptr.h */,
				58A523E81730874E0028E581 /* weak_ptr.h */,
				58A523E9173087620028E581 /* scoped_ptr.h */,
			);
			path = smart_ptr;
			sourceTree = "<group>";
		};
		58E1F328169E198500F231DB = {
			isa = PBXGroup;
			children = (
				58539E1018217669007B6245 /* install.sh */,
				5815D1BE188D68B200ED865B /* json */,
				5815D1F4188D7B4700ED865B /* iostream */,
				58A523DF17305F410028E581 /* algorithm */,
				58E1F34816A1E89A00F231DB /* allocator.h */,
				58BC449E1731AB4A00535B63 /* exception.h */,
				584CE84816B627BB00BE4FD9 /* iterator.h */,
				584CE84B16B71ECB00BE4FD9 /* pair.h */,
				584CE84A16B71D7000BE4FD9 /* link.h */,
				58E1F34C16A1EADD00F231DB /* vector.h */,
				58E1F34D16A1EB5900F231DB /* map.h */,
				580B89F81700B89F00DC27D6 /* common.h */,
				58E1F34B16A1EA1E00F231DB /* deque.h */,
				58E1F34E16A1EB9200F231DB /* string.h */,
				58A523DB172FF16C0028E581 /* smart_ptr.h */,
				58A523E61730874E0028E581 /* smart_ptr */,
				589DBB8C1823D88300300AD8 /* version.h */,
				58E1F345169E19DD00F231DB /* test.cpp */,
				58E1F34916A1E94400F231DB /* kick */,
			);
			sourceTree = "<group>";
		};
/* End PBXGroup section */

/* Begin PBXNativeTarget section */
		58E1F332169E198500F231DB /* kick */ = {
			isa = PBXNativeTarget;
			buildConfigurationList = 58E1F33D169E198600F231DB /* Build configuration list for PBXNativeTarget "kick" */;
			buildPhases = (
				58E1F32F169E198500F231DB /* Sources */,
				58E1F330169E198500F231DB /* Frameworks */,
				58E1F331169E198500F231DB /* CopyFiles */,
			);
			buildRules = (
			);
			dependencies = (
			);
			name = kick;
			productName = kick;
			productReference = 58E1F34916A1E94400F231DB /* kick */;
			productType = "com.apple.product-type.tool";
		};
/* End PBXNativeTarget section */

/* Begin PBXProject section */
		58E1F32A169E198500F231DB /* Project object */ = {
			isa = PBXProject;
			attributes = {
				LastUpgradeCheck = 0450;
				ORGANIZATIONNAME = Creltek;
			};
			buildConfigurationList = 58E1F32D169E198500F231DB /* Build configuration list for PBXProject "kick" */;
			compatibilityVersion = "Xcode 3.2";
			developmentRegion = English;
			hasScannedForEncodings = 0;
			knownRegions = (
				en,
			);
			mainGroup = 58E1F328169E198500F231DB;
			productRefGroup = 58E1F328169E198500F231DB;
			projectDirPath = "";
			projectRoot = "";
			targets = (
				58E1F332169E198500F231DB /* kick */,
			);
		};
/* End PBXProject section */

/* Begin PBXSourcesBuildPhase section */
		58E1F32F169E198500F231DB /* Sources */ = {
			isa = PBXSourcesBuildPhase;
			buildActionMask = 2147483647;
			files = (
				5815D1ED188D699500ED865B /* Convert.cpp in Sources */,
				5815D1F2188D699500ED865B /* SolidusEscaper.cpp in Sources */,
				5815D1F3188D699500ED865B /* Value.cpp in Sources */,
				5815D1EF188D699500ED865B /* IndentCanceller.cpp in Sources */,
				58E1F347169E19DD00F231DB /* test.cpp in Sources */,
				5815D1EC188D699500ED865B /* Array.cpp in Sources */,
				5815D1F1188D699500ED865B /* Object.cpp in Sources */,
				5815D1F0188D699500ED865B /* Indenter.cpp in Sources */,
				5815D1EE188D699500ED865B /* Escaper.cpp in Sources */,
			);
			runOnlyForDeploymentPostprocessing = 0;
		};
/* End PBXSourcesBuildPhase section */

/* Begin XCBuildConfiguration section */
		58E1F33B169E198500F231DB /* Debug */ = {
			isa = XCBuildConfiguration;
			buildSettings = {
				ALWAYS_SEARCH_USER_PATHS = NO;
				ARCHS = "$(ARCHS_STANDARD_64_BIT)";
				CLANG_CXX_LANGUAGE_STANDARD = "gnu++98";
				CLANG_CXX_LIBRARY = "libstdc++";
				CLANG_WARN_EMPTY_BODY = YES;
				CLANG_WARN__DUPLICATE_METHOD_MATCH = YES;
				COPY_PHASE_STRIP = NO;
				GCC_C_LANGUAGE_STANDARD = gnu99;
				GCC_DYNAMIC_NO_PIC = NO;
				GCC_ENABLE_OBJC_EXCEPTIONS = YES;
				GCC_OPTIMIZATION_LEVEL = 0;
				GCC_PREPROCESSOR_DEFINITIONS = (
					"DEBUG=1",
					"$(inherited)",
				);
				GCC_SYMBOLS_PRIVATE_EXTERN = NO;
				GCC_WARN_64_TO_32_BIT_CONVERSION = YES;
				GCC_WARN_ABOUT_RETURN_TYPE = YES;
				GCC_WARN_UNINITIALIZED_AUTOS = YES;
				GCC_WARN_UNUSED_VARIABLE = YES;
				MACOSX_DEPLOYMENT_TARGET = 10.8;
				ONLY_ACTIVE_ARCH = YES;
				SDKROOT = macosx;
			};
			name = Debug;
		};
		58E1F33C169E198600F231DB /* Release */ = {
			isa = XCBuildConfiguration;
			buildSettings = {
				ALWAYS_SEARCH_USER_PATHS = NO;
				ARCHS = "$(ARCHS_STANDARD_64_BIT)";
				CLANG_CXX_LANGUAGE_STANDARD = "gnu++98";
				CLANG_CXX_LIBRARY = "libstdc++";
				CLANG_WARN_EMPTY_BODY = YES;
				CLANG_WARN__DUPLICATE_METHOD_MATCH = YES;
				COPY_PHASE_STRIP = YES;
				DEBUG_INFORMATION_FORMAT = "dwarf-with-dsym";
				GCC_C_LANGUAGE_STANDARD = gnu99;
				GCC_ENABLE_OBJC_EXCEPTIONS = YES;
				GCC_WARN_64_TO_32_BIT_CONVERSION = YES;
				GCC_WARN_ABOUT_RETURN_TYPE = YES;
				GCC_WARN_UNINITIALIZED_AUTOS = YES;
				GCC_WARN_UNUSED_VARIABLE = YES;
				MACOSX_DEPLOYMENT_TARGET = 10.8;
				SDKROOT = macosx;
			};
			name = Release;
		};
		58E1F33E169E198600F231DB /* Debug */ = {
			isa = XCBuildConfiguration;
			buildSettings = {
				GCC_VERSION = "";
				HEADER_SEARCH_PATHS = (
					/usr/include,
					/usr/local/include,
					/Users/nathanwehr/devel/_include,
				);
				PRODUCT_NAME = "$(TARGET_NAME)";
			};
			name = Debug;
		};
		58E1F33F169E198600F231DB /* Release */ = {
			isa = XCBuildConfiguration;
			buildSettings = {
				GCC_VERSION = "";
				HEADER_SEARCH_PATHS = (
					/usr/include,
					/usr/local/include,
					/Users/nathanwehr/devel/_include,
				);
				PRODUCT_NAME = "$(TARGET_NAME)";
			};
			name = Release;
		};
/* End XCBuildConfiguration section */

/* Begin XCConfigurationList section */
		58E1F32D169E198500F231DB /* Build configuration list for PBXProject "kick" */ = {
			isa = XCConfigurationList;
			buildConfigurations = (
				58E1F33B169E198500F231DB /* Debug */,
				58E1F33C169E198600F231DB /* Release */,
			);
			defaultConfigurationIsVisible = 0;
			defaultConfigurationName = Release;
		};
		58E1F33D169E198600F231DB /* Build configuration list for PBXNativeTarget "kick" */ = {
			isa = XCConfigurationList;
			buildConfigurations = (
				58E1F33E169E198600F231DB /* Debug */,
				58E1F33F169E198600F231DB /* Release */,
			);
			defaultConfigurationIsVisible = 0;
			defaultConfigurationName = Release;
		};
/* End XCConfigurationList section */
	};
	rootObject = 58E1F32A169E198500F231DB /* Project object */;
}
